{
  "version": 4,
  "terraform_version": "0.12.24",
  "serial": 6,
  "lineage": "61a532aa-7806-7425-b9f4-6b03cfbbee2b",
  "outputs": {
    "docker_container_name": {
      "value": [
        "a.z.e.p-wordpress"
      ],
      "type": [
        "tuple",
        [
          "string"
        ]
      ]
    },
    "instance_db_floating_ip": {
      "value": [
        "10.1.1.109"
      ],
      "type": [
        "tuple",
        [
          "string"
        ]
      ]
    },
    "instance_db_name": {
      "value": [
        "a.z.e.p-wordpress-db"
      ],
      "type": [
        "tuple",
        [
          "string"
        ]
      ]
    }
  },
  "resources": [
    {
      "module": "module.wordpress",
      "mode": "managed",
      "type": "docker_container",
      "name": "wordpress",
      "provider": "provider.docker",
      "instances": [
        {
          "schema_version": 2,
          "attributes": {
            "attach": false,
            "bridge": "",
            "capabilities": [],
            "command": [
              "apache2-foreground"
            ],
            "container_logs": null,
            "cpu_set": "",
            "cpu_shares": 0,
            "destroy_grace_seconds": null,
            "devices": [],
            "dns": null,
            "dns_opts": null,
            "dns_search": null,
            "domainname": "",
            "entrypoint": [
              "docker-entrypoint.sh"
            ],
            "env": [
              "WORDPRESS_DB_HOST=10.36.36.120",
              "WORDPRESS_DB_NAME=wordpress",
              "WORDPRESS_DB_PASSWORD=rahasia",
              "WORDPRESS_DB_USER=user_db"
            ],
            "exit_code": null,
            "gateway": "172.17.0.1",
            "group_add": null,
            "healthcheck": [],
            "host": [],
            "hostname": "49ec09c0948f",
            "id": "49ec09c0948f1e90844a89454c81effa2f2a3b82c8c96b6144529c8d7bac3352",
            "image": "sha256:c3fa1c8546fb9c6c2418464daaa10fb4fcc373e00d01f56727545aa7069dd341",
            "ip_address": "172.17.0.2",
            "ip_prefix_length": 16,
            "ipc_mode": "private",
            "labels": [],
            "links": null,
            "log_driver": "json-file",
            "log_opts": null,
            "logs": false,
            "max_retry_count": 0,
            "memory": 0,
            "memory_swap": 0,
            "mounts": [],
            "must_run": true,
            "name": "a.z.e.p-wordpress",
            "network_alias": null,
            "network_data": [
              {
                "gateway": "172.17.0.1",
                "ip_address": "172.17.0.2",
                "ip_prefix_length": 16,
                "network_name": "bridge"
              }
            ],
            "network_mode": "default",
            "networks": null,
            "networks_advanced": [],
            "pid_mode": "",
            "ports": [
              {
                "external": 8080,
                "internal": 80,
                "ip": "0.0.0.0",
                "protocol": "tcp"
              }
            ],
            "privileged": false,
            "publish_all_ports": false,
            "read_only": false,
            "restart": "no",
            "rm": false,
            "shm_size": 64,
            "start": true,
            "sysctls": null,
            "tmpfs": null,
            "ulimit": [],
            "upload": [],
            "user": "",
            "userns_mode": "",
            "volumes": [],
            "working_dir": "/var/www/html"
          },
          "private": "eyJzY2hlbWFfdmVyc2lvbiI6IjIifQ==",
          "dependencies": [
            "module.wordpress.docker_image.wordpress"
          ]
        }
      ]
    },
    {
      "module": "module.wordpress",
      "mode": "managed",
      "type": "docker_image",
      "name": "wordpress",
      "provider": "provider.docker",
      "instances": [
        {
          "schema_version": 0,
          "attributes": {
            "id": "sha256:c3fa1c8546fb9c6c2418464daaa10fb4fcc373e00d01f56727545aa7069dd341wordpress",
            "keep_locally": null,
            "latest": "sha256:c3fa1c8546fb9c6c2418464daaa10fb4fcc373e00d01f56727545aa7069dd341",
            "name": "wordpress",
            "pull_trigger": null,
            "pull_triggers": null
          },
          "private": "bnVsbA=="
        }
      ]
    },
    {
      "module": "module.database",
      "mode": "managed",
      "type": "openstack_compute_floatingip_associate_v2",
      "name": "floating_ip",
      "provider": "provider.openstack",
      "instances": [
        {
          "schema_version": 0,
          "attributes": {
            "fixed_ip": "",
            "floating_ip": "10.1.1.109",
            "id": "10.1.1.109/75760f4b-c168-49fa-ad15-a3847cd42348/",
            "instance_id": "75760f4b-c168-49fa-ad15-a3847cd42348",
            "region": "",
            "timeouts": null,
            "wait_until_associated": null
          },
          "private": "eyJlMmJmYjczMC1lY2FhLTExZTYtOGY4OC0zNDM2M2JjN2M0YzAiOnsiY3JlYXRlIjo2MDAwMDAwMDAwMDB9fQ==",
          "dependencies": [
            "module.database.openstack_compute_instance_v2.instance",
            "module.database.openstack_networking_floatingip_v2.floating_ip"
          ]
        }
      ]
    },
    {
      "module": "module.database",
      "mode": "managed",
      "type": "openstack_compute_instance_v2",
      "name": "instance",
      "provider": "provider.openstack",
      "instances": [
        {
          "schema_version": 0,
          "attributes": {
            "access_ip_v4": "10.36.36.120",
            "access_ip_v6": "",
            "admin_pass": null,
            "all_metadata": {},
            "all_tags": [],
            "availability_zone": "nova",
            "block_device": [],
            "config_drive": null,
            "flavor_id": "b5b1e617-b266-4143-8dd5-73ea7918f62c",
            "flavor_name": "ns.2-2-20",
            "floating_ip": null,
            "force_delete": false,
            "id": "75760f4b-c168-49fa-ad15-a3847cd42348",
            "image_id": "3ae8a53c-947c-4f48-a9a7-cef61ba98dea",
            "image_name": "ubuntu-18.04-server-cloudimg-amd64",
            "key_pair": "Instance",
            "metadata": null,
            "name": "a.z.e.p-wordpress-db",
            "network": [
              {
                "access_network": false,
                "fixed_ip_v4": "10.36.36.120",
                "fixed_ip_v6": "",
                "floating_ip": "",
                "mac": "fa:16:3e:58:b2:0f",
                "name": "Net1",
                "port": "",
                "uuid": "58f3fc69-2cad-4497-bfd8-12125da5bd77"
              }
            ],
            "personality": [],
            "power_state": "active",
            "region": "",
            "scheduler_hints": [],
            "security_groups": [
              "default"
            ],
            "stop_before_destroy": false,
            "tags": null,
            "timeouts": null,
            "user_data": null,
            "vendor_options": [],
            "volume": []
          },
          "private": "eyJlMmJmYjczMC1lY2FhLTExZTYtOGY4OC0zNDM2M2JjN2M0YzAiOnsiY3JlYXRlIjoxODAwMDAwMDAwMDAwLCJkZWxldGUiOjE4MDAwMDAwMDAwMDAsInVwZGF0ZSI6MTgwMDAwMDAwMDAwMH19"
        }
      ]
    },
    {
      "module": "module.database",
      "mode": "managed",
      "type": "openstack_networking_floatingip_v2",
      "name": "floating_ip",
      "provider": "provider.openstack",
      "instances": [
        {
          "schema_version": 0,
          "attributes": {
            "address": "10.1.1.109",
            "all_tags": [],
            "description": "",
            "dns_domain": "",
            "dns_name": "",
            "fixed_ip": "",
            "id": "74206694-0a1b-4d4a-9896-737e6c994eb8",
            "pool": "extnet",
            "port_id": "",
            "region": "",
            "subnet_id": null,
            "tags": null,
            "tenant_id": "1ba944b46e48418b8be7915873e6f271",
            "timeouts": null,
            "value_specs": null
          },
          "private": "eyJlMmJmYjczMC1lY2FhLTExZTYtOGY4OC0zNDM2M2JjN2M0YzAiOnsiY3JlYXRlIjo2MDAwMDAwMDAwMDAsImRlbGV0ZSI6NjAwMDAwMDAwMDAwfX0="
        }
      ]
    }
  ]
}
